// !$*UTF8*$!
{
	archiveVersion = 1;
	classes = {
	};
	objectVersion = 46;
	objects = {

/* Begin PBXBuildFile section */
		047C5C9C1F3968B800C030A7 /* AppDelegate.swift in Sources */ = {isa = PBXBuildFile; fileRef = 047C5C9B1F3968B800C030A7 /* AppDelegate.swift */; };
		047C5C9E1F3968B800C030A7 /* ViewController.swift in Sources */ = {isa = PBXBuildFile; fileRef = 047C5C9D1F3968B800C030A7 /* ViewController.swift */; };
		047C5CA11F3968B800C030A7 /* Main.storyboard in Resources */ = {isa = PBXBuildFile; fileRef = 047C5C9F1F3968B800C030A7 /* Main.storyboard */; };
		047C5CA31F3968B800C030A7 /* Assets.xcassets in Resources */ = {isa = PBXBuildFile; fileRef = 047C5CA21F3968B800C030A7 /* Assets.xcassets */; };
		047C5CA61F3968B800C030A7 /* LaunchScreen.storyboard in Resources */ = {isa = PBXBuildFile; fileRef = 047C5CA41F3968B800C030A7 /* LaunchScreen.storyboard */; };
/* End PBXBuildFile section */

/* Begin PBXFileReference section */
		047C5C981F3968B800C030A7 /* DouyuZhibo.app */ = {isa = PBXFileReference; explicitFileType = wrapper.application; includeInIndex = 0; path = DouyuZhibo.app; sourceTree = BUILT_PRODUCTS_DIR; };
		047C5C9B1F3968B800C030A7 /* AppDelegate.swift */ = {isa = PBXFileReference; lastKnownFileType = sourcecode.swift; path = AppDelegate.swift; sourceTree = "<group>"; };
		047C5C9D1F3968B800C030A7 /* ViewController.swift */ = {isa = PBXFileReference; lastKnownFileType = sourcecode.swift; path = ViewController.swift; sourceTree = "<group>"; };
		047C5CA01F3968B800C030A7 /* Base */ = {isa = PBXFileReference; lastKnownFileType = file.storyboard; name = Base; path = Base.lproj/Main.storyboard; sourceTree = "<group>"; };
		047C5CA21F3968B800C030A7 /* Assets.xcassets */ = {isa = PBXFileReference; lastKnownFileType = folder.assetcatalog; path = Assets.xcassets; sourceTree = "<group>"; };
		047C5CA51F3968B800C030A7 /* Base */ = {isa = PBXFileReference; lastKnownFileType = file.storyboard; name = Base; path = Base.lproj/LaunchScreen.storyboard; sourceTree = "<group>"; };
		047C5CA71F3968B800C030A7 /* Info.plist */ = {isa = PBXFileReference; lastKnownFileType = text.plist.xml; path = Info.plist; sourceTree = "<group>"; };
/* End PBXFileReference section */

/* Begin PBXFrameworksBuildPhase section */
		047C5C951F3968B800C030A7 /* Frameworks */ = {
			isa = PBXFrameworksBuildPhase;
			buildActionMask = 2147483647;
			files = (
			);
			runOnlyForDeploymentPostprocessing = 0;
		};
/* End PBXFrameworksBuildPhase section */

/* Begin PBXGroup section */
		047C5C8F1F3968B800C030A7 = {
			isa = PBXGroup;
			children = (
				047C5C9A1F3968B800C030A7 /* DouyuZhibo */,
				047C5C991F3968B800C030A7 /* Products */,
			);
			sourceTree = "<group>";
		};
		047C5C991F3968B800C030A7 /* Products */ = {
			isa = PBXGroup;
			children = (
				047C5C981F3968B800C030A7 /* DouyuZhibo.app */,
			);
			name = Products;
			sourceTree = "<group>";
		};
		047C5C9A1F3968B800C030A7 /* DouyuZhibo */ = {
			isa = PBXGroup;
			children = (
				047C5C9B1F3968B800C030A7 /* AppDelegate.swift */,
				047C5C9D1F3968B800C030A7 /* ViewController.swift */,
				047C5C9F1F3968B800C030A7 /* Main.storyboard */,
				047C5CA21F3968B800C030A7 /* Assets.xcassets */,
				047C5CA41F3968B800C030A7 /* LaunchScreen.storyboard */,
				047C5CA71F3968B800C030A7 /* Info.plist */,
			);
			path = DouyuZhibo;
			sourceTree = "<group>";
		};
/* End PBXGroup section */

/* Begin PBXNativeTarget section */
		047C5C971F3968B800C030A7 /* DouyuZhibo */ = {
			isa = PBXNativeTarget;
			buildConfigurationList = 047C5CAA1F3968B800C030A7 /* Build configuration list for PBXNativeTarget "DouyuZhibo" */;
			buildPhases = (
				047C5C941F3968B800C030A7 /* Sources */,
				047C5C951F3968B800C030A7 /* Frameworks */,
				047C5C961F3968B800C030A7 /* Resources */,
			);
			buildRules = (
			);
			dependencies = (
			);
			name = DouyuZhibo;
			productName = DouyuZhibo;
			productReference = 047C5C981F3968B800C030A7 /* DouyuZhibo.app */;
			productType = "com.apple.product-type.application";
		};
/* End PBXNativeTarget section */

/* Begin PBXProject section */
		047C5C901F3968B800C030A7 /* Project object */ = {
			isa = PBXProject;
			attributes = {
				LastSwiftUpdateCheck = 0830;
				LastUpgradeCheck = 0830;
				ORGANIZATIONNAME = Gelln;
				TargetAttributes = {
					047C5C971F3968B800C030A7 = {
						CreatedOnToolsVersion = 8.3.3;
						ProvisioningStyle = Automatic;
					};
				};
			};
			buildConfigurationList = 047C5C931F3968B800C030A7 /* Build configuration list for PBXProject "DouyuZhibo" */;
			compatibilityVersion = "Xcode 3.2";
			developmentRegion = English;
			hasScannedForEncodings = 0;
			knownRegions = (
				en,
				Base,
			);
			mainGroup = 047C5C8F1F3968B800C030A7;
			productRefGroup = 047C5C991F3968B800C030A7 /* Products */;
			projectDirPath = "";
			projectRoot = "";
			targets = (
				047C5C971F3968B800C030A7 /* DouyuZhibo */,
			);
		};
/* End PBXProject section */

/* Begin PBXResourcesBuildPhase section */
		047C5C961F3968B800C030A7 /* Resources */ = {
			isa = PBXResourcesBuildPhase;
			buildActionMask = 2147483647;
			files = (
				047C5CA61F3968B800C030A7 /* LaunchScreen.storyboard in Resources */,
				047C5CA31F3968B800C030A7 /* Assets.xcassets in Resources */,
				047C5CA11F3968B800C030A7 /* Main.storyboard in Resources */,
			);
			runOnlyForDeploymentPostprocessing = 0;
		};
/* End PBXResourcesBuildPhase section */

/* Begin PBXSourcesBuildPhase section */
		047C5C941F3968B800C030A7 /* Sources */ = {
			isa = PBXSourcesBuildPhase;
			buildActionMask = 2147483647;
			files = (
				047C5C9E1F3968B800C030A7 /* ViewController.swift in Sources */,
				047C5C9C1F3968B800C030A7 /* AppDelegate.swift in Sources */,
			);
			runOnlyForDeploymentPostprocessing = 0;
		};
/* End PBXSourcesBuildPhase section */

/* Begin PBXVariantGroup section */
		047C5C9F1F3968B800C030A7 /* Main.storyboard */ = {
			isa = PBXVariantGroup;
			children = (
				047C5CA01F3968B800C030A7 /* Base */,
			);
			name = Main.storyboard;
			sourceTree = "<group>";
		};
		047C5CA41F3968B800C030A7 /* LaunchScreen.storyboard */ = {
			isa = PBXVariantGroup;
			children = (
				047C5CA51F3968B800C030A7 /* Base */,
			);
			name = LaunchScreen.storyboard;
			sourceTree = "<group>";
		};
/* End PBXVariantGroup section */

/* Begin XCBuildConfiguration section */
		047C5CA81F3968B800C030A7 /* Debug */ = {
			isa = XCBuildConfiguration;
			buildSettings = {
				ALWAYS_SEARCH_USER_PATHS = NO;
				CLANG_ANALYZER_NONNULL = YES;
				CLANG_ANALYZER_NUMBER_OBJECT_CONVERSION = YES_AGGRESSIVE;
				CLANG_CXX_LANGUAGE_STANDARD = "gnu++0x";
				CLANG_CXX_LIBRARY = "libc++";
				CLANG_ENABLE_MODULES = YES;
				CLANG_ENABLE_OBJC_ARC = YES;
				CLANG_WARN_BOOL_CONVERSION = YES;
				CLANG_WARN_CONSTANT_CONVERSION = YES;
				CLANG_WARN_DIRECT_OBJC_ISA_USAGE = YES_ERROR;
				CLANG_WARN_DOCUMENTATION_COMMENTS = YES;
				CLANG_WARN_EMPTY_BODY = YES;
				CLANG_WARN_ENUM_CONVERSION = YES;
				CLANG_WARN_INFINITE_RECURSION = YES;
				CLANG_WARN_INT_CONVERSION = YES;
				CLANG_WARN_OBJC_ROOT_CLASS = YES_ERROR;
				CLANG_WARN_SUSPICIOUS_MOVE = YES;
				CLANG_WARN_UNREACHABLE_CODE = YES;
				CLANG_WARN__DUPLICATE_METHOD_MATCH = YES;
				"CODE_SIGN_IDENTITY[sdk=iphoneos*]" = "iPhone Developer";
				COPY_PHASE_STRIP = NO;
				DEBUG_INFORMATION_FORMAT = dwarf;
				ENABLE_STRICT_OBJC_MSGSEND = YES;
				ENABLE_TESTABILITY = YES;
				GCC_C_LANGUAGE_STANDARD = gnu99;
				GCC_DYNAMIC_NO_PIC = NO;
				GCC_NO_COMMON_BLOCKS = YES;
				GCC_OPTIMIZATION_LEVEL = 0;
				GCC_PREPROCESSOR_DEFINITIONS = (
					"DEBUG=1",
					"$(inherited)",
				);
				GCC_WARN_64_TO_32_BIT_CONVERSION = YES;
				GCC_WARN_ABOUT_RETURN_TYPE = YES_ERROR;
				GCC_WARN_UNDECLARED_SELECTOR = YES;
				GCC_WARN_UNINITIALIZED_AUTOS = YES_AGGRESSIVE;
				GCC_WARN_UNUSED_FUNCTION = YES;
				GCC_WARN_UNUSED_VARIABLE = YES;
				IPHONEOS_DEPLOYMENT_TARGET = 10.3;
				MTL_ENABLE_DEBUG_INFO = YES;
				ONLY_ACTIVE_ARCH = YES;
				SDKROOT = iphoneos;
				SWIFT_ACTIVE_COMPILATION_CONDITIONS = DEBUG;
				SWIFT_OPTIMIZATION_LEVEL = "-Onone";
			};
			name = Debug;
		};
		047C5CA91F3968B800C030A7 /* Release */ = {
			isa = XCBuildConfiguration;
			buildSettings = {
				ALWAYS_SEARCH_USER_PATHS = NO;
				CLANG_ANALYZER_NONNULL = YES;
				CLANG_ANALYZER_NUMBER_OBJECT_CONVERSION = YES_AGGRESSIVE;
				CLANG_CXX_LANGUAGE_STANDARD = "gnu++0x";
				CLANG_CXX_LIBRARY = "libc++";
				CLANG_ENABLE_MODULES = YES;
				CLANG_ENABLE_OBJC_ARC = YES;
				CLANG_WARN_BOOL_CONVERSION = YES;
				CLANG_WARN_CONSTANT_CONVERSION = YES;
				CLANG_WARN_DIRECT_OBJC_ISA_USAGE = YES_ERROR;
				CLANG_WARN_DOCUMENTATION_COMMENTS = YES;
				CLANG_WARN_EMPTY_BODY = YES;
				CLANG_WARN_ENUM_CONVERSION = YES;
				CLANG_WARN_INFINITE_RECURSION = YES;
				CLANG_WARN_INT_CONVERSION = YES;
				CLANG_WARN_OBJC_ROOT_CLASS = YES_ERROR;
				CLANG_WARN_SUSPICIOUS_MOVE = YES;
				CLANG_WARN_UNREACHABLE_CODE = YES;
				CLANG_WARN__DUPLICATE_METHOD_MATCH = YES;
				"CODE_SIGN_IDENTITY[sdk=iphoneos*]" = "iPhone Developer";
				COPY_PHASE_STRIP = NO;
				DEBUG_INFORMATION_FORMAT = "dwarf-with-dsym";
				ENABLE_NS_ASSERTIONS = NO;
				ENABLE_STRICT_OBJC_MSGSEND = YES;
				GCC_C_LANGUAGE_STANDARD = gnu99;
				GCC_NO_COMMON_BLOCKS = YES;
				GCC_WARN_64_TO_32_BIT_CONVERSION = YES;
				GCC_WARN_ABOUT_RETURN_TYPE = YES_ERROR;
				GCC_WARN_UNDECLARED_SELECTOR = YES;
				GCC_WARN_UNINITIALIZED_AUTOS = YES_AGGRESSIVE;
				GCC_WARN_UNUSED_FUNCTION = YES;
				GCC_WARN_UNUSED_VARIABLE = YES;
				IPHONEOS_DEPLOYMENT_TARGET = 10.3;
				MTL_ENABLE_DEBUG_INFO = NO;
				SDKROOT = iphoneos;
				SWIFT_OPTIMIZATION_LEVEL = "-Owholemodule";
				VALIDATE_PRODUCT = YES;
			};
			name = Release;
		};
		047C5CAB1F3968B800C030A7 /* Debug */ = {
			isa = XCBuildConfiguration;
			buildSettings = {
				ASSETCATALOG_COMPILER_APPICON_NAME = AppIcon;
				INFOPLIST_FILE = DouyuZhibo/Info.plist;
				LD_RUNPATH_SEARCH_PATHS = "$(inherited) @executable_path/Frameworks";
				PRODUCT_BUNDLE_IDENTIFIER = com.dgman.DouyuZhibo;
				PRODUCT_NAME = "$(TARGET_NAME)";
				SWIFT_VERSION = 3.0;
			};
			name = Debug;
		};
		047C5CAC1F3968B800C030A7 /* Release */ = {
			isa = XCBuildConfiguration;
			buildSettings = {
				ASSETCATALOG_COMPILER_APPICON_NAME = AppIcon;
				INFOPLIST_FILE = DouyuZhibo/Info.plist;
				LD_RUNPATH_SEARCH_PATHS = "$(inherited) @executable_path/Frameworks";
				PRODUCT_BUNDLE_IDENTIFIER = com.dgman.DouyuZhibo;
				PRODUCT_NAME = "$(TARGET_NAME)";
				SWIFT_VERSION = 3.0;
			};
			name = Release;
		};
/* End XCBuildConfiguration section */

/* Begin XCConfigurationList section */
		047C5C931F3968B800C030A7 /* Build configuration list for PBXProject "DouyuZhibo" */ = {
			isa = XCConfigurationList;
			buildConfigurations = (
				047C5CA81F3968B800C030A7 /* Debug */,
				047C5CA91F3968B800C030A7 /* Release */,
			);
			defaultConfigurationIsVisible = 0;
			defaultConfigurationName = Release;
		};
		047C5CAA1F3968B800C030A7 /* Build configuration list for PBXNativeTarget "DouyuZhibo" */ = {
			isa = XCConfigurationList;
			buildConfigurations = (
				047C5CAB1F3968B800C030A7 /* Debug */,
				047C5CAC1F3968B800C030A7 /* Release */,
			);
			defaultConfigurationIsVisible = 0;
		};
/* End XCConfigurationList section */
	};
	rootObject = 047C5C901F3968B800C030A7 /* Project object */;
}
